
Microsoft Visual Studio Solution File, Format Version 12.00
# Visual Studio 15
VisualStudioVersion = 15.0.28010.2050
MinimumVisualStudioVersion = 10.0.40219.1
Project("{9A19103F-16F7-4668-BE54-9A1E7A4F7556}") = "App.AnalysisServices.Processing", "App.AnalysisServices.Processing\App.AnalysisServices.Processing.csproj", "{4EB1E1AD-95F2-4DDD-88D2-442786BC1894}"
EndProject
Project("{FAE04EC0-301F-11D3-BF4B-00C04F79EFBC}") = "FunctionApp1", "FunctionApp1\FunctionApp1.csproj", "{FC2B4897-1DEE-48EA-9632-5A1487CC64C9}"
EndProject
Global
	GlobalSection(SolutionConfigurationPlatforms) = preSolution
		Debug|Any CPU = Debug|Any CPU
		Release|Any CPU = Release|Any CPU
	EndGlobalSection
	GlobalSection(ProjectConfigurationPlatforms) = postSolution
		{4EB1E1AD-95F2-4DDD-88D2-442786BC1894}.Debug|Any CPU.ActiveCfg = Debug|Any CPU
		{4EB1E1AD-95F2-4DDD-88D2-442786BC1894}.Debug|Any CPU.Build.0 = Debug|Any CPU
		{4EB1E1AD-95F2-4DDD-88D2-442786BC1894}.Release|Any CPU.ActiveCfg = Release|Any CPU
		{4EB1E1AD-95F2-4DDD-88D2-442786BC1894}.Release|Any CPU.Build.0 = Release|Any CPU
		{FC2B4897-1DEE-48EA-9632-5A1487CC64C9}.Debug|Any CPU.ActiveCfg = Debug|Any CPU
		{FC2B4897-1DEE-48EA-9632-5A1487CC64C9}.Debug|Any CPU.Build.0 = Debug|Any CPU
		{FC2B4897-1DEE-48EA-9632-5A1487CC64C9}.Release|Any CPU.ActiveCfg = Release|Any CPU
		{FC2B4897-1DEE-48EA-9632-5A1487CC64C9}.Release|Any CPU.Build.0 = Release|Any CPU
	EndGlobalSection
	GlobalSection(SolutionProperties) = preSolution
		HideSolutionNode = FALSE
	EndGlobalSection
	GlobalSection(ExtensibilityGlobals) = postSolution
		SolutionGuid = {8540DB80-EF46-4BF3-B480-780258526CFB}
	EndGlobalSection
EndGlobal
